
Microsoft Visual Studio Solution File, Format Version 12.00
# Visual Studio 15
Project("{FAE04EC0-301F-11D3-BF4B-00C04F79EFBC}") = "Jailbreak", "Jailbreak.csproj", "{352E9579-D04B-6ED1-280A-106980F95278}"
EndProject
Project("{FAE04EC0-301F-11D3-BF4B-00C04F79EFBC}") = "Jailbreak.Editor", "Jailbreak.Editor.csproj", "{30B868DA-D7C9-4C08-173D-D0D81968F0C9}"
EndProject
Global
	GlobalSection(SolutionConfigurationPlatforms) = preSolution
		Debug|Any CPU = Debug|Any CPU
		Release|Any CPU = Release|Any CPU
	EndGlobalSection
	GlobalSection(ProjectConfigurationPlatforms) = postSolution
		{352E9579-D04B-6ED1-280A-106980F95278}.Debug|Any CPU.ActiveCfg = Debug|Any CPU
		{352E9579-D04B-6ED1-280A-106980F95278}.Debug|Any CPU.Build.0 = Debug|Any CPU
		{352E9579-D04B-6ED1-280A-106980F95278}.Release|Any CPU.ActiveCfg = Release|Any CPU
		{352E9579-D04B-6ED1-280A-106980F95278}.Release|Any CPU.Build.0 = Release|Any CPU
		{30B868DA-D7C9-4C08-173D-D0D81968F0C9}.Debug|Any CPU.ActiveCfg = Debug|Any CPU
		{30B868DA-D7C9-4C08-173D-D0D81968F0C9}.Debug|Any CPU.Build.0 = Debug|Any CPU
		{30B868DA-D7C9-4C08-173D-D0D81968F0C9}.Release|Any CPU.ActiveCfg = Release|Any CPU
		{30B868DA-D7C9-4C08-173D-D0D81968F0C9}.Release|Any CPU.Build.0 = Release|Any CPU
	EndGlobalSection
	GlobalSection(SolutionProperties) = preSolution
		HideSolutionNode = FALSE
	EndGlobalSection
EndGlobal
